<?xml version="1.0" encoding="utf-8"?>
<Project ToolsVersion="4.0" xmlns="http://schemas.microsoft.com/developer/msbuild/2003">
  <ItemGroup>
    <Filter Include="Source Files">
      <UniqueIdentifier>{9120eade-e3a6-46df-bca2-ce02c9c80968}</UniqueIdentifier>
      <Extensions>cpp;c;cxx;rc;def;r;odl;idl;hpj;bat</Extensions>
    </Filter>
    <Filter Include="Header Files">
      <UniqueIdentifier>{d2a95a31-4f84-49b9-8ced-90fd3794d575}</UniqueIdentifier>
      <Extensions>h;hpp;hxx;hm;inl</Extensions>
    </Filter>
    <Filter Include="Resource Files">
      <UniqueIdentifier>{8eaf2db6-0ef5-4bd6-9342-6cb4842cd971}</UniqueIdentifier>
      <Extensions>ico;cur;bmp;dlg;rc2;rct;bin;rgs;gif;jpg;jpeg;jpe</Extensions>
    </Filter>
    <Filter Include="ini files">
      <UniqueIdentifier>{1fc7e7c2-44f0-4c1d-86b5-76d7f18916f7}</UniqueIdentifier>
    </Filter>
  </ItemGroup>
  <ItemGroup>
    <ClCompile Include="C2DMatrix.cpp">
      <Filter>Source Files</Filter>
    </ClCompile>
    <ClCompile Include="CController.cpp">
      <Filter>Source Files</Filter>
    </ClCompile>
    <ClCompile Include="CGenAlg.cpp">
      <Filter>Source Files</Filter>
    </ClCompile>
    <ClCompile Include="CMinesweeper.cpp">
      <Filter>Source Files</Filter>
    </ClCompile>
    <ClCompile Include="CNeuralNet.cpp">
      <Filter>Source Files</Filter>
    </ClCompile>
    <ClCompile Include="CParams.cpp">
      <Filter>Source Files</Filter>
    </ClCompile>
    <ClCompile Include="CTimer.cpp">
      <Filter>Source Files</Filter>
    </ClCompile>
    <ClCompile Include="main.cpp">
      <Filter>Source Files</Filter>
    </ClCompile>
    <ClCompile Include="utils.cpp">
      <Filter>Source Files</Filter>
    </ClCompile>
  </ItemGroup>
  <ItemGroup>
    <ClInclude Include="C2DMatrix.h">
      <Filter>Header Files</Filter>
    </ClInclude>
    <ClInclude Include="CController.h">
      <Filter>Header Files</Filter>
    </ClInclude>
    <ClInclude Include="CGenAlg.h">
      <Filter>Header Files</Filter>
    </ClInclude>
    <ClInclude Include="CMinesweeper.h">
      <Filter>Header Files</Filter>
    </ClInclude>
    <ClInclude Include="CNeuralNet.h">
      <Filter>Header Files</Filter>
    </ClInclude>
    <ClInclude Include="CParams.h">
      <Filter>Header Files</Filter>
    </ClInclude>
    <ClInclude Include="CTimer.h">
      <Filter>Header Files</Filter>
    </ClInclude>
    <ClInclude Include="SVector2D.h">
      <Filter>Header Files</Filter>
    </ClInclude>
    <ClInclude Include="utils.h">
      <Filter>Header Files</Filter>
    </ClInclude>
  </ItemGroup>
  <ItemGroup>
    <ResourceCompile Include="Script1.rc">
      <Filter>Resource Files</Filter>
    </ResourceCompile>
  </ItemGroup>
  <ItemGroup>
    <CustomBuild Include="icon1.ico">
      <Filter>Resource Files</Filter>
    </CustomBuild>
    <CustomBuild Include="params.ini">
      <Filter>ini files</Filter>
    </CustomBuild>
  </ItemGroup>
</Project>